// !$*UTF8*$!
{
	archiveVersion = 1;
	classes = {
	};
	objectVersion = 50;
	objects = {

/* Begin PBXBuildFile section */
		FF428E3A2088EC74008B8057 /* AppDelegate.m in Sources */ = {isa = PBXBuildFile; fileRef = FF428E392088EC74008B8057 /* AppDelegate.m */; };
		FF428E3D2088EC74008B8057 /* ViewController.m in Sources */ = {isa = PBXBuildFile; fileRef = FF428E3C2088EC74008B8057 /* ViewController.m */; };
		FF428E402088EC74008B8057 /* Main.storyboard in Resources */ = {isa = PBXBuildFile; fileRef = FF428E3E2088EC74008B8057 /* Main.storyboard */; };
		FF428E422088EC77008B8057 /* Assets.xcassets in Resources */ = {isa = PBXBuildFile; fileRef = FF428E412088EC77008B8057 /* Assets.xcassets */; };
		FF428E452088EC77008B8057 /* LaunchScreen.storyboard in Resources */ = {isa = PBXBuildFile; fileRef = FF428E432088EC77008B8057 /* LaunchScreen.storyboard */; };
		FF428E482088EC77008B8057 /* main.m in Sources */ = {isa = PBXBuildFile; fileRef = FF428E472088EC77008B8057 /* main.m */; };
		FF428E502088EEB7008B8057 /* StringClass.m in Sources */ = {isa = PBXBuildFile; fileRef = FF428E4F2088EEB7008B8057 /* StringClass.m */; };
/* End PBXBuildFile section */

/* Begin PBXFileReference section */
		FF428E352088EC74008B8057 /* String-SubString.app */ = {isa = PBXFileReference; explicitFileType = wrapper.application; includeInIndex = 0; path = "String-SubString.app"; sourceTree = BUILT_PRODUCTS_DIR; };
		FF428E382088EC74008B8057 /* AppDelegate.h */ = {isa = PBXFileReference; lastKnownFileType = sourcecode.c.h; path = AppDelegate.h; sourceTree = "<group>"; };
		FF428E392088EC74008B8057 /* AppDelegate.m */ = {isa = PBXFileReference; lastKnownFileType = sourcecode.c.objc; path = AppDelegate.m; sourceTree = "<group>"; };
		FF428E3B2088EC74008B8057 /* ViewController.h */ = {isa = PBXFileReference; lastKnownFileType = sourcecode.c.h; path = ViewController.h; sourceTree = "<group>"; };
		FF428E3C2088EC74008B8057 /* ViewController.m */ = {isa = PBXFileReference; lastKnownFileType = sourcecode.c.objc; path = ViewController.m; sourceTree = "<group>"; };
		FF428E3F2088EC74008B8057 /* Base */ = {isa = PBXFileReference; lastKnownFileType = file.storyboard; name = Base; path = Base.lproj/Main.storyboard; sourceTree = "<group>"; };
		FF428E412088EC77008B8057 /* Assets.xcassets */ = {isa = PBXFileReference; lastKnownFileType = folder.assetcatalog; path = Assets.xcassets; sourceTree = "<group>"; };
		FF428E442088EC77008B8057 /* Base */ = {isa = PBXFileReference; lastKnownFileType = file.storyboard; name = Base; path = Base.lproj/LaunchScreen.storyboard; sourceTree = "<group>"; };
		FF428E462088EC77008B8057 /* Info.plist */ = {isa = PBXFileReference; lastKnownFileType = text.plist.xml; path = Info.plist; sourceTree = "<group>"; };
		FF428E472088EC77008B8057 /* main.m */ = {isa = PBXFileReference; lastKnownFileType = sourcecode.c.objc; path = main.m; sourceTree = "<group>"; };
		FF428E4E2088EEA8008B8057 /* StringClass.h */ = {isa = PBXFileReference; lastKnownFileType = sourcecode.c.h; path = StringClass.h; sourceTree = "<group>"; };
		FF428E4F2088EEB7008B8057 /* StringClass.m */ = {isa = PBXFileReference; lastKnownFileType = sourcecode.c.objc; path = StringClass.m; sourceTree = "<group>"; };
/* End PBXFileReference section */

/* Begin PBXFrameworksBuildPhase section */
		FF428E322088EC74008B8057 /* Frameworks */ = {
			isa = PBXFrameworksBuildPhase;
			buildActionMask = 2147483647;
			files = (
			);
			runOnlyForDeploymentPostprocessing = 0;
		};
/* End PBXFrameworksBuildPhase section */

/* Begin PBXGroup section */
		FF428E2C2088EC74008B8057 = {
			isa = PBXGroup;
			children = (
				FF428E372088EC74008B8057 /* String-SubString */,
				FF428E362088EC74008B8057 /* Products */,
			);
			sourceTree = "<group>";
		};
		FF428E362088EC74008B8057 /* Products */ = {
			isa = PBXGroup;
			children = (
				FF428E352088EC74008B8057 /* String-SubString.app */,
			);
			name = Products;
			sourceTree = "<group>";
		};
		FF428E372088EC74008B8057 /* String-SubString */ = {
			isa = PBXGroup;
			children = (
				FF428E382088EC74008B8057 /* AppDelegate.h */,
				FF428E392088EC74008B8057 /* AppDelegate.m */,
				FF428E3B2088EC74008B8057 /* ViewController.h */,
				FF428E3C2088EC74008B8057 /* ViewController.m */,
				FF428E3E2088EC74008B8057 /* Main.storyboard */,
				FF428E412088EC77008B8057 /* Assets.xcassets */,
				FF428E432088EC77008B8057 /* LaunchScreen.storyboard */,
				FF428E462088EC77008B8057 /* Info.plist */,
				FF428E472088EC77008B8057 /* main.m */,
				FF428E4E2088EEA8008B8057 /* StringClass.h */,
				FF428E4F2088EEB7008B8057 /* StringClass.m */,
			);
			path = "String-SubString";
			sourceTree = "<group>";
		};
/* End PBXGroup section */

/* Begin PBXNativeTarget section */
		FF428E342088EC74008B8057 /* String-SubString */ = {
			isa = PBXNativeTarget;
			buildConfigurationList = FF428E4B2088EC77008B8057 /* Build configuration list for PBXNativeTarget "String-SubString" */;
			buildPhases = (
				FF428E312088EC74008B8057 /* Sources */,
				FF428E322088EC74008B8057 /* Frameworks */,
				FF428E332088EC74008B8057 /* Resources */,
			);
			buildRules = (
			);
			dependencies = (
			);
			name = "String-SubString";
			productName = "String-SubString";
			productReference = FF428E352088EC74008B8057 /* String-SubString.app */;
			productType = "com.apple.product-type.application";
		};
/* End PBXNativeTarget section */

/* Begin PBXProject section */
		FF428E2D2088EC74008B8057 /* Project object */ = {
			isa = PBXProject;
			attributes = {
				LastUpgradeCheck = 0930;
				ORGANIZATIONNAME = Barzdyka;
				TargetAttributes = {
					FF428E342088EC74008B8057 = {
						CreatedOnToolsVersion = 9.3;
					};
				};
			};
			buildConfigurationList = FF428E302088EC74008B8057 /* Build configuration list for PBXProject "String-SubString" */;
			compatibilityVersion = "Xcode 9.3";
			developmentRegion = en;
			hasScannedForEncodings = 0;
			knownRegions = (
				en,
				Base,
			);
			mainGroup = FF428E2C2088EC74008B8057;
			productRefGroup = FF428E362088EC74008B8057 /* Products */;
			projectDirPath = "";
			projectRoot = "";
			targets = (
				FF428E342088EC74008B8057 /* String-SubString */,
			);
		};
/* End PBXProject section */

/* Begin PBXResourcesBuildPhase section */
		FF428E332088EC74008B8057 /* Resources */ = {
			isa = PBXResourcesBuildPhase;
			buildActionMask = 2147483647;
			files = (
				FF428E452088EC77008B8057 /* LaunchScreen.storyboard in Resources */,
				FF428E422088EC77008B8057 /* Assets.xcassets in Resources */,
				FF428E402088EC74008B8057 /* Main.storyboard in Resources */,
			);
			runOnlyForDeploymentPostprocessing = 0;
		};
/* End PBXResourcesBuildPhase section */

/* Begin PBXSourcesBuildPhase section */
		FF428E312088EC74008B8057 /* Sources */ = {
			isa = PBXSourcesBuildPhase;
			buildActionMask = 2147483647;
			files = (
				FF428E3D2088EC74008B8057 /* ViewController.m in Sources */,
				FF428E502088EEB7008B8057 /* StringClass.m in Sources */,
				FF428E482088EC77008B8057 /* main.m in Sources */,
				FF428E3A2088EC74008B8057 /* AppDelegate.m in Sources */,
			);
			runOnlyForDeploymentPostprocessing = 0;
		};
/* End PBXSourcesBuildPhase section */

/* Begin PBXVariantGroup section */
		FF428E3E2088EC74008B8057 /* Main.storyboard */ = {
			isa = PBXVariantGroup;
			children = (
				FF428E3F2088EC74008B8057 /* Base */,
			);
			name = Main.storyboard;
			sourceTree = "<group>";
		};
		FF428E432088EC77008B8057 /* LaunchScreen.storyboard */ = {
			isa = PBXVariantGroup;
			children = (
				FF428E442088EC77008B8057 /* Base */,
			);
			name = LaunchScreen.storyboard;
			sourceTree = "<group>";
		};
/* End PBXVariantGroup section */

/* Begin XCBuildConfiguration section */
		FF428E492088EC77008B8057 /* Debug */ = {
			isa = XCBuildConfiguration;
			buildSettings = {
				ALWAYS_SEARCH_USER_PATHS = NO;
				CLANG_ANALYZER_NONNULL = YES;
				CLANG_ANALYZER_NUMBER_OBJECT_CONVERSION = YES_AGGRESSIVE;
				CLANG_CXX_LANGUAGE_STANDARD = "gnu++14";
				CLANG_CXX_LIBRARY = "libc++";
				CLANG_ENABLE_MODULES = YES;
				CLANG_ENABLE_OBJC_ARC = YES;
				CLANG_ENABLE_OBJC_WEAK = YES;
				CLANG_WARN_BLOCK_CAPTURE_AUTORELEASING = YES;
				CLANG_WARN_BOOL_CONVERSION = YES;
				CLANG_WARN_COMMA = YES;
				CLANG_WARN_CONSTANT_CONVERSION = YES;
				CLANG_WARN_DEPRECATED_OBJC_IMPLEMENTATIONS = YES;
				CLANG_WARN_DIRECT_OBJC_ISA_USAGE = YES_ERROR;
				CLANG_WARN_DOCUMENTATION_COMMENTS = YES;
				CLANG_WARN_EMPTY_BODY = YES;
				CLANG_WARN_ENUM_CONVERSION = YES;
				CLANG_WARN_INFINITE_RECURSION = YES;
				CLANG_WARN_INT_CONVERSION = YES;
				CLANG_WARN_NON_LITERAL_NULL_CONVERSION = YES;
				CLANG_WARN_OBJC_IMPLICIT_RETAIN_SELF = YES;
				CLANG_WARN_OBJC_LITERAL_CONVERSION = YES;
				CLANG_WARN_OBJC_ROOT_CLASS = YES_ERROR;
				CLANG_WARN_RANGE_LOOP_ANALYSIS = YES;
				CLANG_WARN_STRICT_PROTOTYPES = YES;
				CLANG_WARN_SUSPICIOUS_MOVE = YES;
				CLANG_WARN_UNGUARDED_AVAILABILITY = YES_AGGRESSIVE;
				CLANG_WARN_UNREACHABLE_CODE = YES;
				CLANG_WARN__DUPLICATE_METHOD_MATCH = YES;
				CODE_SIGN_IDENTITY = "iPhone Developer";
				COPY_PHASE_STRIP = NO;
				DEBUG_INFORMATION_FORMAT = dwarf;
				ENABLE_STRICT_OBJC_MSGSEND = YES;
				ENABLE_TESTABILITY = YES;
				GCC_C_LANGUAGE_STANDARD = gnu11;
				GCC_DYNAMIC_NO_PIC = NO;
				GCC_NO_COMMON_BLOCKS = YES;
				GCC_OPTIMIZATION_LEVEL = 0;
				GCC_PREPROCESSOR_DEFINITIONS = (
					"DEBUG=1",
					"$(inherited)",
				);
				GCC_WARN_64_TO_32_BIT_CONVERSION = YES;
				GCC_WARN_ABOUT_RETURN_TYPE = YES_ERROR;
				GCC_WARN_UNDECLARED_SELECTOR = YES;
				GCC_WARN_UNINITIALIZED_AUTOS = YES_AGGRESSIVE;
				GCC_WARN_UNUSED_FUNCTION = YES;
				GCC_WARN_UNUSED_VARIABLE = YES;
				IPHONEOS_DEPLOYMENT_TARGET = 11.3;
				MTL_ENABLE_DEBUG_INFO = YES;
				ONLY_ACTIVE_ARCH = YES;
				SDKROOT = iphoneos;
			};
			name = Debug;
		};
		FF428E4A2088EC77008B8057 /* Release */ = {
			isa = XCBuildConfiguration;
			buildSettings = {
				ALWAYS_SEARCH_USER_PATHS = NO;
				CLANG_ANALYZER_NONNULL = YES;
				CLANG_ANALYZER_NUMBER_OBJECT_CONVERSION = YES_AGGRESSIVE;
				CLANG_CXX_LANGUAGE_STANDARD = "gnu++14";
				CLANG_CXX_LIBRARY = "libc++";
				CLANG_ENABLE_MODULES = YES;
				CLANG_ENABLE_OBJC_ARC = YES;
				CLANG_ENABLE_OBJC_WEAK = YES;
				CLANG_WARN_BLOCK_CAPTURE_AUTORELEASING = YES;
				CLANG_WARN_BOOL_CONVERSION = YES;
				CLANG_WARN_COMMA = YES;
				CLANG_WARN_CONSTANT_CONVERSION = YES;
				CLANG_WARN_DEPRECATED_OBJC_IMPLEMENTATIONS = YES;
				CLANG_WARN_DIRECT_OBJC_ISA_USAGE = YES_ERROR;
				CLANG_WARN_DOCUMENTATION_COMMENTS = YES;
				CLANG_WARN_EMPTY_BODY = YES;
				CLANG_WARN_ENUM_CONVERSION = YES;
				CLANG_WARN_INFINITE_RECURSION = YES;
				CLANG_WARN_INT_CONVERSION = YES;
				CLANG_WARN_NON_LITERAL_NULL_CONVERSION = YES;
				CLANG_WARN_OBJC_IMPLICIT_RETAIN_SELF = YES;
				CLANG_WARN_OBJC_LITERAL_CONVERSION = YES;
				CLANG_WARN_OBJC_ROOT_CLASS = YES_ERROR;
				CLANG_WARN_RANGE_LOOP_ANALYSIS = YES;
				CLANG_WARN_STRICT_PROTOTYPES = YES;
				CLANG_WARN_SUSPICIOUS_MOVE = YES;
				CLANG_WARN_UNGUARDED_AVAILABILITY = YES_AGGRESSIVE;
				CLANG_WARN_UNREACHABLE_CODE = YES;
				CLANG_WARN__DUPLICATE_METHOD_MATCH = YES;
				CODE_SIGN_IDENTITY = "iPhone Developer";
				COPY_PHASE_STRIP = NO;
				DEBUG_INFORMATION_FORMAT = "dwarf-with-dsym";
				ENABLE_NS_ASSERTIONS = NO;
				ENABLE_STRICT_OBJC_MSGSEND = YES;
				GCC_C_LANGUAGE_STANDARD = gnu11;
				GCC_NO_COMMON_BLOCKS = YES;
				GCC_WARN_64_TO_32_BIT_CONVERSION = YES;
				GCC_WARN_ABOUT_RETURN_TYPE = YES_ERROR;
				GCC_WARN_UNDECLARED_SELECTOR = YES;
				GCC_WARN_UNINITIALIZED_AUTOS = YES_AGGRESSIVE;
				GCC_WARN_UNUSED_FUNCTION = YES;
				GCC_WARN_UNUSED_VARIABLE = YES;
				IPHONEOS_DEPLOYMENT_TARGET = 11.3;
				MTL_ENABLE_DEBUG_INFO = NO;
				SDKROOT = iphoneos;
				VALIDATE_PRODUCT = YES;
			};
			name = Release;
		};
		FF428E4C2088EC77008B8057 /* Debug */ = {
			isa = XCBuildConfiguration;
			buildSettings = {
				ASSETCATALOG_COMPILER_APPICON_NAME = AppIcon;
				CLANG_ENABLE_OBJC_ARC = NO;
				CODE_SIGN_STYLE = Automatic;
				DEVELOPMENT_TEAM = 696L68SHDX;
				INFOPLIST_FILE = "String-SubString/Info.plist";
				LD_RUNPATH_SEARCH_PATHS = (
					"$(inherited)",
					"@executable_path/Frameworks",
				);
				PRODUCT_BUNDLE_IDENTIFIER = "com.barzdyka.String-SubString";
				PRODUCT_NAME = "$(TARGET_NAME)";
				TARGETED_DEVICE_FAMILY = "1,2";
			};
			name = Debug;
		};
		FF428E4D2088EC77008B8057 /* Release */ = {
			isa = XCBuildConfiguration;
			buildSettings = {
				ASSETCATALOG_COMPILER_APPICON_NAME = AppIcon;
				CLANG_ENABLE_OBJC_ARC = NO;
				CODE_SIGN_STYLE = Automatic;
				DEVELOPMENT_TEAM = 696L68SHDX;
				INFOPLIST_FILE = "String-SubString/Info.plist";
				LD_RUNPATH_SEARCH_PATHS = (
					"$(inherited)",
					"@executable_path/Frameworks",
				);
				PRODUCT_BUNDLE_IDENTIFIER = "com.barzdyka.String-SubString";
				PRODUCT_NAME = "$(TARGET_NAME)";
				TARGETED_DEVICE_FAMILY = "1,2";
			};
			name = Release;
		};
/* End XCBuildConfiguration section */

/* Begin XCConfigurationList section */
		FF428E302088EC74008B8057 /* Build configuration list for PBXProject "String-SubString" */ = {
			isa = XCConfigurationList;
			buildConfigurations = (
				FF428E492088EC77008B8057 /* Debug */,
				FF428E4A2088EC77008B8057 /* Release */,
			);
			defaultConfigurationIsVisible = 0;
			defaultConfigurationName = Release;
		};
		FF428E4B2088EC77008B8057 /* Build configuration list for PBXNativeTarget "String-SubString" */ = {
			isa = XCConfigurationList;
			buildConfigurations = (
				FF428E4C2088EC77008B8057 /* Debug */,
				FF428E4D2088EC77008B8057 /* Release */,
			);
			defaultConfigurationIsVisible = 0;
			defaultConfigurationName = Release;
		};
/* End XCConfigurationList section */
	};
	rootObject = FF428E2D2088EC74008B8057 /* Project object */;
}
